Microsoft Visual Studio Solution File, Format Version 11.00
# Visual Studio 2010
Project("{FAE04EC0-301F-11D3-BF4B-00C04F79EFBC}") = "UsingGraphColorizer", "UsingGraphColorizer\UsingGraphColorizer.csproj", "{332AF950-F1C9-44C5-AA84-0D34FF60E328}"
EndProject
Project("{FAE04EC0-301F-11D3-BF4B-00C04F79EFBC}") = "UsingGraphColorizer.Web", "UsingGraphColorizer.Web\UsingGraphColorizer.Web.csproj", "{68BDB592-05BB-4B63-B529-1E4FE1371C19}"
EndProject
Global
	GlobalSection(SolutionConfigurationPlatforms) = preSolution
		Debug|Any CPU = Debug|Any CPU
		Release|Any CPU = Release|Any CPU
	EndGlobalSection
	GlobalSection(ProjectConfigurationPlatforms) = postSolution
		{332AF950-F1C9-44C5-AA84-0D34FF60E328}.Debug|Any CPU.ActiveCfg = Debug|Any CPU
		{332AF950-F1C9-44C5-AA84-0D34FF60E328}.Debug|Any CPU.Build.0 = Debug|Any CPU
		{332AF950-F1C9-44C5-AA84-0D34FF60E328}.Release|Any CPU.ActiveCfg = Release|Any CPU
		{332AF950-F1C9-44C5-AA84-0D34FF60E328}.Release|Any CPU.Build.0 = Release|Any CPU
		{68BDB592-05BB-4B63-B529-1E4FE1371C19}.Debug|Any CPU.ActiveCfg = Debug|Any CPU
		{68BDB592-05BB-4B63-B529-1E4FE1371C19}.Debug|Any CPU.Build.0 = Debug|Any CPU
		{68BDB592-05BB-4B63-B529-1E4FE1371C19}.Release|Any CPU.ActiveCfg = Release|Any CPU
		{68BDB592-05BB-4B63-B529-1E4FE1371C19}.Release|Any CPU.Build.0 = Release|Any CPU
	EndGlobalSection
	GlobalSection(SolutionProperties) = preSolution
		HideSolutionNode = FALSE
	EndGlobalSection
EndGlobal
